
Microsoft Visual Studio Solution File, Format Version 12.00
# Visual Studio Version 17
VisualStudioVersion = 17.6.33723.286
MinimumVisualStudioVersion = 10.0.40219.1
Project("{FAE04EC0-301F-11D3-BF4B-00C04F79EFBC}") = "Api", "Api\Api.csproj", "{3DF53C0B-EC82-4A11-B48F-D20DB61B624D}"
EndProject
Global
	GlobalSection(SolutionConfigurationPlatforms) = preSolution
		Debug|Any CPU = Debug|Any CPU
		Release|Any CPU = Release|Any CPU
	EndGlobalSection
	GlobalSection(ProjectConfigurationPlatforms) = postSolution
		{3DF53C0B-EC82-4A11-B48F-D20DB61B624D}.Debug|Any CPU.ActiveCfg = Debug|Any CPU
		{3DF53C0B-EC82-4A11-B48F-D20DB61B624D}.Debug|Any CPU.Build.0 = Debug|Any CPU
		{3DF53C0B-EC82-4A11-B48F-D20DB61B624D}.Release|Any CPU.ActiveCfg = Release|Any CPU
		{3DF53C0B-EC82-4A11-B48F-D20DB61B624D}.Release|Any CPU.Build.0 = Release|Any CPU
	EndGlobalSection
	GlobalSection(SolutionProperties) = preSolution
		HideSolutionNode = FALSE
	EndGlobalSection
	GlobalSection(ExtensibilityGlobals) = postSolution
		SolutionGuid = {E14AD903-94FA-4C98-AA77-80B3A1932197}
	EndGlobalSection
EndGlobal
